# THIS IS AN AUTOGENERATED FILE. DO NOT EDIT THIS FILE DIRECTLY.
# yarn lockfile v1


ansi-escapes@^4.2.1:
  version "4.3.1"
  resolved "https://registry.npm.taobao.org/ansi-escapes/download/ansi-escapes-4.3.1.tgz#a5c47cc43181f1f38ffd7076837700d395522a61"
  integrity sha1-pcR8xDGB8fOP/XB2g3cA05VSKmE=
  dependencies:
    type-fest "^0.11.0"

ansi-regex@^5.0.0:
  version "5.0.0"
  resolved "https://registry.npm.taobao.org/ansi-regex/download/ansi-regex-5.0.0.tgz#388539f55179bf39339c81af30a654d69f87cb75"
  integrity sha1-OIU59VF5vzkznIGvMKZU1p+Hy3U=

ansi-styles@^4.1.0:
  version "4.3.0"
  resolved "https://registry.npm.taobao.org/ansi-styles/download/ansi-styles-4.3.0.tgz#edd803628ae71c04c85ae7a0906edad34b648937"
  integrity sha1-7dgDYornHATIWuegkG7a00tkiTc=
  dependencies:
    color-convert "^2.0.1"

boolbase@^1.0.0:
  version "1.0.0"
  resolved "http://192.168.20.146:4873/boolbase/-/boolbase-1.0.0.tgz#68dff5fbe60c51eb37725ea9e3ed310dcc1e776e"
  integrity sha1-aN/1++YMUes3cl6p4+0xDcwed24=

chalk@^4.1.0:
  version "4.1.0"
  resolved "https://registry.npm.taobao.org/chalk/download/chalk-4.1.0.tgz?cache=0&sync_timestamp=1592843133653&other_urls=https%3A%2F%2Fregistry.npm.taobao.org%2Fchalk%2Fdownload%2Fchalk-4.1.0.tgz#4e14870a618d9e2edd97dd8345fd9d9dc315646a"
  integrity sha1-ThSHCmGNni7dl92DRf2dncMVZGo=
  dependencies:
    ansi-styles "^4.1.0"
    supports-color "^7.1.0"

chardet@^0.7.0:
  version "0.7.0"
  resolved "https://registry.npm.taobao.org/chardet/download/chardet-0.7.0.tgz?cache=0&sync_timestamp=1601032529880&other_urls=https%3A%2F%2Fregistry.npm.taobao.org%2Fchardet%2Fdownload%2Fchardet-0.7.0.tgz#90094849f0937f2eedc2425d0d28a9e5f0cbad9e"
  integrity sha1-kAlISfCTfy7twkJdDSip5fDLrZ4=

cheerio-select-tmp@^0.1.0:
  version "0.1.1"
  resolved "http://192.168.20.146:4873/cheerio-select-tmp/-/cheerio-select-tmp-0.1.1.tgz#55bbef02a4771710195ad736d5e346763ca4e646"
  integrity sha1-VbvvAqR3FxAZWtc21eNGdjyk5kY=
  dependencies:
    css-select "^3.1.2"
    css-what "^4.0.0"
    domelementtype "^2.1.0"
    domhandler "^4.0.0"
    domutils "^2.4.4"

cheerio@^1.0.0-rc.5:
  version "1.0.0-rc.5"
  resolved "http://192.168.20.146:4873/cheerio/-/cheerio-1.0.0-rc.5.tgz#88907e1828674e8f9fee375188b27dadd4f0fa2f"
  integrity sha1-iJB+GChnTo+f7jdRiLJ9rdTw+i8=
  dependencies:
    cheerio-select-tmp "^0.1.0"
    dom-serializer "~1.2.0"
    domhandler "^4.0.0"
    entities "~2.1.0"
    htmlparser2 "^6.0.0"
    parse5 "^6.0.0"
    parse5-htmlparser2-tree-adapter "^6.0.0"

cli-cursor@^3.1.0:
  version "3.1.0"
  resolved "https://registry.npm.taobao.org/cli-cursor/download/cli-cursor-3.1.0.tgz#264305a7ae490d1d03bf0c9ba7c925d1753af307"
  integrity sha1-JkMFp65JDR0Dvwybp8kl0XU68wc=
  dependencies:
    restore-cursor "^3.1.0"

cli-width@^3.0.0:
  version "3.0.0"
  resolved "https://registry.npm.taobao.org/cli-width/download/cli-width-3.0.0.tgz#a2f48437a2caa9a22436e794bf071ec9e61cedf6"
  integrity sha1-ovSEN6LKqaIkNueUvwceyeYc7fY=

color-convert@^2.0.1:
  version "2.0.1"
  resolved "https://registry.npm.taobao.org/color-convert/download/color-convert-2.0.1.tgz#72d3a68d598c9bdb3af2ad1e84f21d896abd4de3"
  integrity sha1-ctOmjVmMm9s68q0ehPIdiWq9TeM=
  dependencies:
    color-name "~1.1.4"

color-name@~1.1.4:
  version "1.1.4"
  resolved "https://registry.npm.taobao.org/color-name/download/color-name-1.1.4.tgz#c2a09a87acbde69543de6f63fa3995c826c536a2"
  integrity sha1-wqCah6y95pVD3m9j+jmVyCbFNqI=

css-select@^3.1.2:
  version "3.1.2"
  resolved "http://192.168.20.146:4873/css-select/-/css-select-3.1.2.tgz#d52cbdc6fee379fba97fb0d3925abbd18af2d9d8"
  integrity sha1-1Sy9xv7jefupf7DTklq70Yry2dg=
  dependencies:
    boolbase "^1.0.0"
    css-what "^4.0.0"
    domhandler "^4.0.0"
    domutils "^2.4.3"
    nth-check "^2.0.0"

css-what@^4.0.0:
  version "4.0.0"
  resolved "http://192.168.20.146:4873/css-what/-/css-what-4.0.0.tgz#35e73761cab2eeb3d3661126b23d7aa0e8432233"
  integrity sha1-Nec3Ycqy7rPTZhEmsj16oOhDIjM=

dom-serializer@^1.0.1, dom-serializer@~1.2.0:
  version "1.2.0"
  resolved "http://192.168.20.146:4873/dom-serializer/-/dom-serializer-1.2.0.tgz#3433d9136aeb3c627981daa385fc7f32d27c48f1"
  integrity sha1-NDPZE2rrPGJ5gdqjhfx/MtJ8SPE=
  dependencies:
    domelementtype "^2.0.1"
    domhandler "^4.0.0"
    entities "^2.0.0"

domelementtype@^2.0.1, domelementtype@^2.1.0:
  version "2.1.0"
  resolved "http://192.168.20.146:4873/domelementtype/-/domelementtype-2.1.0.tgz#a851c080a6d1c3d94344aed151d99f669edf585e"
  integrity sha1-qFHAgKbRw9lDRK7RUdmfZp7fWF4=

domhandler@^4.0.0:
  version "4.0.0"
  resolved "http://192.168.20.146:4873/domhandler/-/domhandler-4.0.0.tgz#01ea7821de996d85f69029e81fa873c21833098e"
  integrity sha1-Aep4Id6ZbYX2kCnoH6hzwhgzCY4=
  dependencies:
    domelementtype "^2.1.0"

domutils@^2.4.3, domutils@^2.4.4:
  version "2.4.4"
  resolved "http://192.168.20.146:4873/domutils/-/domutils-2.4.4.tgz#282739c4b150d022d34699797369aad8d19bbbd3"
  integrity sha1-KCc5xLFQ0CLTRpl5c2mq2NGbu9M=
  dependencies:
    dom-serializer "^1.0.1"
    domelementtype "^2.0.1"
    domhandler "^4.0.0"

emoji-regex@^8.0.0:
  version "8.0.0"
  resolved "https://registry.npm.taobao.org/emoji-regex/download/emoji-regex-8.0.0.tgz?cache=0&other_urls=https%3A%2F%2Fregistry.npm.taobao.org%2Femoji-regex%2Fdownload%2Femoji-regex-8.0.0.tgz#e818fd69ce5ccfcb404594f842963bf53164cc37"
  integrity sha1-6Bj9ac5cz8tARZT4QpY79TFkzDc=

entities@^2.0.0:
  version "2.2.0"
  resolved "http://192.168.20.146:4873/entities/-/entities-2.2.0.tgz#098dc90ebb83d8dffa089d55256b351d34c4da55"
  integrity sha1-CY3JDruD2N/6CJ1VJWs1HTTE2lU=

entities@~2.1.0:
  version "2.1.0"
  resolved "http://192.168.20.146:4873/entities/-/entities-2.1.0.tgz#992d3129cf7df6870b96c57858c249a120f8b8b5"
  integrity sha1-mS0xKc999ocLlsV4WMJJoSD4uLU=

escape-string-regexp@^1.0.5:
  version "1.0.5"
  resolved "https://registry.npm.taobao.org/escape-string-regexp/download/escape-string-regexp-1.0.5.tgz#1b61c0562190a8dff6ae3bb2cf0200ca130b86d4"
  integrity sha1-G2HAViGQqN/2rjuyzwIAyhMLhtQ=

external-editor@^3.0.3:
  version "3.1.0"
  resolved "https://registry.npm.taobao.org/external-editor/download/external-editor-3.1.0.tgz#cb03f740befae03ea4d283caed2741a83f335495"
  integrity sha1-ywP3QL764D6k0oPK7SdBqD8zVJU=
  dependencies:
    chardet "^0.7.0"
    iconv-lite "^0.4.24"
    tmp "^0.0.33"

figures@^3.0.0:
  version "3.2.0"
  resolved "https://registry.npm.taobao.org/figures/download/figures-3.2.0.tgz#625c18bd293c604dc4a8ddb2febf0c88341746af"
  integrity sha1-YlwYvSk8YE3EqN2y/r8MiDQXRq8=
  dependencies:
    escape-string-regexp "^1.0.5"

has-flag@^4.0.0:
  version "4.0.0"
  resolved "https://registry.npm.taobao.org/has-flag/download/has-flag-4.0.0.tgz?cache=0&sync_timestamp=1577797756584&other_urls=https%3A%2F%2Fregistry.npm.taobao.org%2Fhas-flag%2Fdownload%2Fhas-flag-4.0.0.tgz#944771fd9c81c81265c4d6941860da06bb59479b"
  integrity sha1-lEdx/ZyByBJlxNaUGGDaBrtZR5s=

htmlparser2@^6.0.0:
  version "6.0.0"
  resolved "http://192.168.20.146:4873/htmlparser2/-/htmlparser2-6.0.0.tgz#c2da005030390908ca4c91e5629e418e0665ac01"
  integrity sha1-wtoAUDA5CQjKTJHlYp5BjgZlrAE=
  dependencies:
    domelementtype "^2.0.1"
    domhandler "^4.0.0"
    domutils "^2.4.4"
    entities "^2.0.0"

http@^0.0.1-security:
  version "0.0.1-security"
  resolved "https://registry.npm.taobao.org/http/download/http-0.0.1-security.tgz#3aac09129d12dc2747bbce4157afde20ad1f7995"
  integrity sha1-OqwJEp0S3CdHu85BV6/eIK0feZU=

iconv-lite@^0.4.24:
  version "0.4.24"
  resolved "https://registry.npm.taobao.org/iconv-lite/download/iconv-lite-0.4.24.tgz#2022b4b25fbddc21d2f524974a474aafe733908b"
  integrity sha1-ICK0sl+93CHS9SSXSkdKr+czkIs=
  dependencies:
    safer-buffer ">= 2.1.2 < 3"

inquirer@^8.0.0:
  version "8.0.0"
  resolved "https://registry.npm.taobao.org/inquirer/download/inquirer-8.0.0.tgz#957a46db1abcf0fdd2ab82deb7470e90afc7d0ac"
  integrity sha1-lXpG2xq88P3Sq4Let0cOkK/H0Kw=
  dependencies:
    ansi-escapes "^4.2.1"
    chalk "^4.1.0"
    cli-cursor "^3.1.0"
    cli-width "^3.0.0"
    external-editor "^3.0.3"
    figures "^3.0.0"
    lodash "^4.17.21"
    mute-stream "0.0.8"
    run-async "^2.4.0"
    rxjs "^6.6.6"
    string-width "^4.1.0"
    strip-ansi "^6.0.0"
    through "^2.3.6"

is-fullwidth-code-point@^3.0.0:
  version "3.0.0"
  resolved "https://registry.npm.taobao.org/is-fullwidth-code-point/download/is-fullwidth-code-point-3.0.0.tgz#f116f8064fe90b3f7844a38997c0b75051269f1d"
  integrity sha1-8Rb4Bk/pCz94RKOJl8C3UFEmnx0=

lodash@^4.17.21:
  version "4.17.21"
  resolved "https://registry.npm.taobao.org/lodash/download/lodash-4.17.21.tgz#679591c564c3bffaae8454cf0b3df370c3d6911c"
  integrity sha1-Z5WRxWTDv/quhFTPCz3zcMPWkRw=

mimic-fn@^2.1.0:
  version "2.1.0"
  resolved "https://registry.npm.taobao.org/mimic-fn/download/mimic-fn-2.1.0.tgz#7ed2c2ccccaf84d3ffcb7a69b57711fc2083401b"
  integrity sha1-ftLCzMyvhNP/y3pptXcR/CCDQBs=

minimist@^1.2.5:
  version "1.2.5"
  resolved "https://registry.npm.taobao.org/minimist/download/minimist-1.2.5.tgz#67d66014b66a6a8aaa0c083c5fd58df4e4e97602"
  integrity sha1-Z9ZgFLZqaoqqDAg8X9WN9OTpdgI=

mute-stream@0.0.8:
  version "0.0.8"
  resolved "https://registry.npm.taobao.org/mute-stream/download/mute-stream-0.0.8.tgz#1630c42b2251ff81e2a283de96a5497ea92e5e0d"
  integrity sha1-FjDEKyJR/4HiooPelqVJfqkuXg0=

nth-check@^2.0.0:
  version "2.0.0"
  resolved "http://192.168.20.146:4873/nth-check/-/nth-check-2.0.0.tgz#1bb4f6dac70072fc313e8c9cd1417b5074c0a125"
  integrity sha1-G7T22scAcvwxPoyc0UF7UHTAoSU=
  dependencies:
    boolbase "^1.0.0"

onetime@^5.1.0:
  version "5.1.2"
  resolved "https://registry.npm.taobao.org/onetime/download/onetime-5.1.2.tgz?cache=0&sync_timestamp=1597003951681&other_urls=https%3A%2F%2Fregistry.npm.taobao.org%2Fonetime%2Fdownload%2Fonetime-5.1.2.tgz#d0e96ebb56b07476df1dd9c4806e5237985ca45e"
  integrity sha1-0Oluu1awdHbfHdnEgG5SN5hcpF4=
  dependencies:
    mimic-fn "^2.1.0"

os-tmpdir@~1.0.2:
  version "1.0.2"
  resolved "https://registry.npm.taobao.org/os-tmpdir/download/os-tmpdir-1.0.2.tgz#bbe67406c79aa85c5cfec766fe5734555dfa1274"
  integrity sha1-u+Z0BseaqFxc/sdm/lc0VV36EnQ=

parse5-htmlparser2-tree-adapter@^6.0.0:
  version "6.0.1"
  resolved "http://192.168.20.146:4873/parse5-htmlparser2-tree-adapter/-/parse5-htmlparser2-tree-adapter-6.0.1.tgz#2cdf9ad823321140370d4dbf5d3e92c7c8ddc6e6"
  integrity sha1-LN+a2CMyEUA3DU2/XT6Sx8jdxuY=
  dependencies:
    parse5 "^6.0.1"

parse5@^6.0.0, parse5@^6.0.1:
  version "6.0.1"
  resolved "http://192.168.20.146:4873/parse5/-/parse5-6.0.1.tgz#e1a1c085c569b3dc08321184f19a39cc27f7c30b"
  integrity sha1-4aHAhcVps9wIMhGE8Zo5zCf3wws=

progress@^2.0.3:
  version "2.0.3"
  resolved "https://registry.npm.taobao.org/progress/download/progress-2.0.3.tgz#7e8cf8d8f5b8f239c1bc68beb4eb78567d572ef8"
  integrity sha1-foz42PW48jnBvGi+tOt4Vn1XLvg=

restore-cursor@^3.1.0:
  version "3.1.0"
  resolved "https://registry.npm.taobao.org/restore-cursor/download/restore-cursor-3.1.0.tgz#39f67c54b3a7a58cea5236d95cf0034239631f7e"
  integrity sha1-OfZ8VLOnpYzqUjbZXPADQjljH34=
  dependencies:
    onetime "^5.1.0"
    signal-exit "^3.0.2"

run-async@^2.4.0:
  version "2.4.1"
  resolved "https://registry.npm.taobao.org/run-async/download/run-async-2.4.1.tgz#8440eccf99ea3e70bd409d49aab88e10c189a455"
  integrity sha1-hEDsz5nqPnC9QJ1JqriOEMGJpFU=

rxjs@^6.6.6:
  version "6.6.6"
  resolved "https://registry.npm.taobao.org/rxjs/download/rxjs-6.6.6.tgz?cache=0&sync_timestamp=1614212092215&other_urls=https%3A%2F%2Fregistry.npm.taobao.org%2Frxjs%2Fdownload%2Frxjs-6.6.6.tgz#14d8417aa5a07c5e633995b525e1e3c0dec03b70"
  integrity sha1-FNhBeqWgfF5jOZW1JeHjwN7AO3A=
  dependencies:
    tslib "^1.9.0"

"safer-buffer@>= 2.1.2 < 3":
  version "2.1.2"
  resolved "https://registry.npm.taobao.org/safer-buffer/download/safer-buffer-2.1.2.tgz#44fa161b0187b9549dd84bb91802f9bd8385cd6a"
  integrity sha1-RPoWGwGHuVSd2Eu5GAL5vYOFzWo=

signal-exit@^3.0.2:
  version "3.0.3"
  resolved "https://registry.npm.taobao.org/signal-exit/download/signal-exit-3.0.3.tgz?cache=0&sync_timestamp=1592843131591&other_urls=https%3A%2F%2Fregistry.npm.taobao.org%2Fsignal-exit%2Fdownload%2Fsignal-exit-3.0.3.tgz#a1410c2edd8f077b08b4e253c8eacfcaf057461c"
  integrity sha1-oUEMLt2PB3sItOJTyOrPyvBXRhw=

string-width@^4.1.0:
  version "4.2.0"
  resolved "https://registry.npm.taobao.org/string-width/download/string-width-4.2.0.tgz#952182c46cc7b2c313d1596e623992bd163b72b5"
  integrity sha1-lSGCxGzHssMT0VluYjmSvRY7crU=
  dependencies:
    emoji-regex "^8.0.0"
    is-fullwidth-code-point "^3.0.0"
    strip-ansi "^6.0.0"

strip-ansi@^6.0.0:
  version "6.0.0"
  resolved "https://registry.npm.taobao.org/strip-ansi/download/strip-ansi-6.0.0.tgz#0b1571dd7669ccd4f3e06e14ef1eed26225ae532"
  integrity sha1-CxVx3XZpzNTz4G4U7x7tJiJa5TI=
  dependencies:
    ansi-regex "^5.0.0"

supports-color@^7.1.0:
  version "7.2.0"
  resolved "https://registry.npm.taobao.org/supports-color/download/supports-color-7.2.0.tgz?cache=0&sync_timestamp=1611394023277&other_urls=https%3A%2F%2Fregistry.npm.taobao.org%2Fsupports-color%2Fdownload%2Fsupports-color-7.2.0.tgz#1b7dcdcb32b8138801b3e478ba6a51caa89648da"
  integrity sha1-G33NyzK4E4gBs+R4umpRyqiWSNo=
  dependencies:
    has-flag "^4.0.0"

through@^2.3.6:
  version "2.3.8"
  resolved "https://registry.npm.taobao.org/through/download/through-2.3.8.tgz#0dd4c9ffaabc357960b1b724115d7e0e86a2e1f5"
  integrity sha1-DdTJ/6q8NXlgsbckEV1+Doai4fU=

tmp@^0.0.33:
  version "0.0.33"
  resolved "https://registry.npm.taobao.org/tmp/download/tmp-0.0.33.tgz?cache=0&sync_timestamp=1592843137359&other_urls=https%3A%2F%2Fregistry.npm.taobao.org%2Ftmp%2Fdownload%2Ftmp-0.0.33.tgz#6d34335889768d21b2bcda0aa277ced3b1bfadf9"
  integrity sha1-bTQzWIl2jSGyvNoKonfO07G/rfk=
  dependencies:
    os-tmpdir "~1.0.2"

tslib@^1.9.0:
  version "1.14.1"
  resolved "https://registry.npm.taobao.org/tslib/download/tslib-1.14.1.tgz?cache=0&sync_timestamp=1609887785854&other_urls=https%3A%2F%2Fregistry.npm.taobao.org%2Ftslib%2Fdownload%2Ftslib-1.14.1.tgz#cf2d38bdc34a134bcaf1091c41f6619e2f672d00"
  integrity sha1-zy04vcNKE0vK8QkcQfZhni9nLQA=

type-fest@^0.11.0:
  version "0.11.0"
  resolved "https://registry.npm.taobao.org/type-fest/download/type-fest-0.11.0.tgz?cache=0&sync_timestamp=1614018343926&other_urls=https%3A%2F%2Fregistry.npm.taobao.org%2Ftype-fest%2Fdownload%2Ftype-fest-0.11.0.tgz#97abf0872310fed88a5c466b25681576145e33f1"
  integrity sha1-l6vwhyMQ/tiKXEZrJWgVdhReM/E=
